
Microsoft Visual Studio Solution File, Format Version 12.00
# Visual Studio Version 17
VisualStudioVersion = 17.4.33205.214
MinimumVisualStudioVersion = 10.0.40219.1
Project("{9A19103F-16F7-4668-BE54-9A1E7A4F7556}") = "Versioning", "Versioning.csproj", "{1A25B975-BA22-4789-B0B9-741EEEB9477D}"
EndProject
Project("{FAE04EC0-301F-11D3-BF4B-00C04F79EFBC}") = "ActionFilters", "..\ActionFilters\ActionFilters.csproj", "{A99CBADC-761D-40BD-912B-2FBFDB31AF08}"
EndProject
Global
	GlobalSection(SolutionConfigurationPlatforms) = preSolution
		Debug|Any CPU = Debug|Any CPU
		Release|Any CPU = Release|Any CPU
	EndGlobalSection
	GlobalSection(ProjectConfigurationPlatforms) = postSolution
		{1A25B975-BA22-4789-B0B9-741EEEB9477D}.Debug|Any CPU.ActiveCfg = Debug|Any CPU
		{1A25B975-BA22-4789-B0B9-741EEEB9477D}.Debug|Any CPU.Build.0 = Debug|Any CPU
		{1A25B975-BA22-4789-B0B9-741EEEB9477D}.Release|Any CPU.ActiveCfg = Release|Any CPU
		{1A25B975-BA22-4789-B0B9-741EEEB9477D}.Release|Any CPU.Build.0 = Release|Any CPU
		{A99CBADC-761D-40BD-912B-2FBFDB31AF08}.Debug|Any CPU.ActiveCfg = Debug|Any CPU
		{A99CBADC-761D-40BD-912B-2FBFDB31AF08}.Debug|Any CPU.Build.0 = Debug|Any CPU
		{A99CBADC-761D-40BD-912B-2FBFDB31AF08}.Release|Any CPU.ActiveCfg = Release|Any CPU
		{A99CBADC-761D-40BD-912B-2FBFDB31AF08}.Release|Any CPU.Build.0 = Release|Any CPU
	EndGlobalSection
	GlobalSection(SolutionProperties) = preSolution
		HideSolutionNode = FALSE
	EndGlobalSection
	GlobalSection(ExtensibilityGlobals) = postSolution
		SolutionGuid = {83A2DB49-9063-4C10-9D84-7130C1445245}
	EndGlobalSection
EndGlobal
